
Microsoft Visual Studio Solution File, Format Version 12.00
# Visual Studio Version 16
VisualStudioVersion = 16.0.30011.22
MinimumVisualStudioVersion = 10.0.40219.1
Project("{8BC9CEB8-8B4A-11D0-8D11-00A0C91BC942}") = "LinkedList", "LinkedList\LinkedList.vcxproj", "{5CEE8867-E6AE-46B7-A288-C50D80D60879}"
EndProject
Global
	GlobalSection(SolutionConfigurationPlatforms) = preSolution
		Debug|x64 = Debug|x64
		Debug|x86 = Debug|x86
		Release|x64 = Release|x64
		Release|x86 = Release|x86
	EndGlobalSection
	GlobalSection(ProjectConfigurationPlatforms) = postSolution
		{5CEE8867-E6AE-46B7-A288-C50D80D60879}.Debug|x64.ActiveCfg = Debug|x64
		{5CEE8867-E6AE-46B7-A288-C50D80D60879}.Debug|x64.Build.0 = Debug|x64
		{5CEE8867-E6AE-46B7-A288-C50D80D60879}.Debug|x86.ActiveCfg = Debug|Win32
		{5CEE8867-E6AE-46B7-A288-C50D80D60879}.Debug|x86.Build.0 = Debug|Win32
		{5CEE8867-E6AE-46B7-A288-C50D80D60879}.Release|x64.ActiveCfg = Release|x64
		{5CEE8867-E6AE-46B7-A288-C50D80D60879}.Release|x64.Build.0 = Release|x64
		{5CEE8867-E6AE-46B7-A288-C50D80D60879}.Release|x86.ActiveCfg = Release|Win32
		{5CEE8867-E6AE-46B7-A288-C50D80D60879}.Release|x86.Build.0 = Release|Win32
	EndGlobalSection
	GlobalSection(SolutionProperties) = preSolution
		HideSolutionNode = FALSE
	EndGlobalSection
	GlobalSection(ExtensibilityGlobals) = postSolution
		SolutionGuid = {DCE9426E-0D3D-4AE8-A35A-3B6729E72AAB}
	EndGlobalSection
EndGlobal
